{
  "object": {
    "pins": [
      {
        "package": "URLImage",
        "repositoryURL": "https://github.com/dmytro-anokhin/url-image.git",
        "state": {
          "branch": "master",
          "revision": "dc913391b6fc0c9de283ef111eb90d0e9abf4c36",
          "version": null
        }
      }
    ]
  },
  "version": 1
}
